// !$*UTF8*$!
{
	archiveVersion = 1;
	classes = {
	};
	objectVersion = 50;
	objects = {

/* Begin PBXBuildFile section */
		98BC241127ABE4DE00A746A7 /* WeatherCondition.swift in Sources */ = {isa = PBXBuildFile; fileRef = 98BC240F27ABE4DE00A746A7 /* WeatherCondition.swift */; };
		98BC241227ABE4DE00A746A7 /* WeatherData.swift in Sources */ = {isa = PBXBuildFile; fileRef = 98BC241027ABE4DE00A746A7 /* WeatherData.swift */; };
		98BC241427ABE4FF00A746A7 /* WeatherListViewModel.swift in Sources */ = {isa = PBXBuildFile; fileRef = 98BC241327ABE4FF00A746A7 /* WeatherListViewModel.swift */; };
		98BC241727ABE50700A746A7 /* WeatherListStructure.swift in Sources */ = {isa = PBXBuildFile; fileRef = 98BC241627ABE50700A746A7 /* WeatherListStructure.swift */; };
		98BC241927ABE7AE00A746A7 /* UIColor+Extension.swift in Sources */ = {isa = PBXBuildFile; fileRef = 98BC241827ABE7AE00A746A7 /* UIColor+Extension.swift */; };
		98BC241B27ABECE800A746A7 /* Sys.swift in Sources */ = {isa = PBXBuildFile; fileRef = 98BC241A27ABECE800A746A7 /* Sys.swift */; };
		98BC241D27ABEDA300A746A7 /* Main.swift in Sources */ = {isa = PBXBuildFile; fileRef = 98BC241C27ABEDA300A746A7 /* Main.swift */; };
		98BC241F27ABF3B300A746A7 /* UIView+Extension.swift in Sources */ = {isa = PBXBuildFile; fileRef = 98BC241E27ABF3B300A746A7 /* UIView+Extension.swift */; };
		98BC242127ABF60C00A746A7 /* UIImageView+Extension.swift in Sources */ = {isa = PBXBuildFile; fileRef = 98BC242027ABF60C00A746A7 /* UIImageView+Extension.swift */; };
		98BC242427ABF90F00A746A7 /* CustomSearchBar.swift in Sources */ = {isa = PBXBuildFile; fileRef = 98BC242327ABF90F00A746A7 /* CustomSearchBar.swift */; };
		98BC242627ABF98000A746A7 /* UISearchBar+Extension.swift in Sources */ = {isa = PBXBuildFile; fileRef = 98BC242527ABF98000A746A7 /* UISearchBar+Extension.swift */; };
		98BC244127ABFBD800A746A7 /* WeatherDetailModuleInterface.swift in Sources */ = {isa = PBXBuildFile; fileRef = 98BC242D27ABFBD800A746A7 /* WeatherDetailModuleInterface.swift */; };
		98BC244227ABFBD800A746A7 /* WeatherDetailServiceType.swift in Sources */ = {isa = PBXBuildFile; fileRef = 98BC243027ABFBD800A746A7 /* WeatherDetailServiceType.swift */; };
		98BC244327ABFBD800A746A7 /* WeatherDetailService.swift in Sources */ = {isa = PBXBuildFile; fileRef = 98BC243127ABFBD800A746A7 /* WeatherDetailService.swift */; };
		98BC244427ABFBD800A746A7 /* WeatherDetailInteractor.swift in Sources */ = {isa = PBXBuildFile; fileRef = 98BC243327ABFBD800A746A7 /* WeatherDetailInteractor.swift */; };
		98BC244527ABFBD800A746A7 /* WeatherDetailInteractorIO.swift in Sources */ = {isa = PBXBuildFile; fileRef = 98BC243427ABFBD800A746A7 /* WeatherDetailInteractorIO.swift */; };
		98BC244627ABFBD800A746A7 /* WeatherDetailPresenter.swift in Sources */ = {isa = PBXBuildFile; fileRef = 98BC243727ABFBD800A746A7 /* WeatherDetailPresenter.swift */; };
		98BC244727ABFBD800A746A7 /* WeatherDetailWireframe.swift in Sources */ = {isa = PBXBuildFile; fileRef = 98BC243A27ABFBD800A746A7 /* WeatherDetailWireframe.swift */; };
		98BC244827ABFBD800A746A7 /* WeatherDetailWireframeInput.swift in Sources */ = {isa = PBXBuildFile; fileRef = 98BC243B27ABFBD800A746A7 /* WeatherDetailWireframeInput.swift */; };
		98BC244927ABFBD800A746A7 /* WeatherDetail.storyboard in Resources */ = {isa = PBXBuildFile; fileRef = 98BC243E27ABFBD800A746A7 /* WeatherDetail.storyboard */; };
		98BC244A27ABFBD800A746A7 /* WeatherDetailViewController.swift in Sources */ = {isa = PBXBuildFile; fileRef = 98BC243F27ABFBD800A746A7 /* WeatherDetailViewController.swift */; };
		98BC244B27ABFBD800A746A7 /* WeatherDetailViewInterface.swift in Sources */ = {isa = PBXBuildFile; fileRef = 98BC244027ABFBD800A746A7 /* WeatherDetailViewInterface.swift */; };
		98BC244D27AC02ED00A746A7 /* Array+Extension.swift in Sources */ = {isa = PBXBuildFile; fileRef = 98BC244C27AC02ED00A746A7 /* Array+Extension.swift */; };
		98BC244F27AC044B00A746A7 /* BaseViewInterface.swift in Sources */ = {isa = PBXBuildFile; fileRef = 98BC244E27AC044B00A746A7 /* BaseViewInterface.swift */; };
		98BC245127AC04A200A746A7 /* UIViewController+Extension.swift in Sources */ = {isa = PBXBuildFile; fileRef = 98BC245027AC04A200A746A7 /* UIViewController+Extension.swift */; };
		AA33B1B827AAD16700A6B426 /* AppDelegate.swift in Sources */ = {isa = PBXBuildFile; fileRef = AA33B1B727AAD16700A6B426 /* AppDelegate.swift */; };
		AA33B1BA27AAD16700A6B426 /* SceneDelegate.swift in Sources */ = {isa = PBXBuildFile; fileRef = AA33B1B927AAD16700A6B426 /* SceneDelegate.swift */; };
		AA33B1BC27AAD16700A6B426 /* ViewController.swift in Sources */ = {isa = PBXBuildFile; fileRef = AA33B1BB27AAD16700A6B426 /* ViewController.swift */; };
		AA33B1BF27AAD16700A6B426 /* Main.storyboard in Resources */ = {isa = PBXBuildFile; fileRef = AA33B1BD27AAD16700A6B426 /* Main.storyboard */; };
		AA33B1C127AAD16800A6B426 /* Assets.xcassets in Resources */ = {isa = PBXBuildFile; fileRef = AA33B1C027AAD16800A6B426 /* Assets.xcassets */; };
		AA33B1C427AAD16800A6B426 /* LaunchScreen.storyboard in Resources */ = {isa = PBXBuildFile; fileRef = AA33B1C227AAD16800A6B426 /* LaunchScreen.storyboard */; };
		AA33B1CD27AAD18200A6B426 /* WireframeInput.swift in Sources */ = {isa = PBXBuildFile; fileRef = AA33B1CC27AAD18200A6B426 /* WireframeInput.swift */; };
		AA33B1ED27AAD2B100A6B426 /* WeatherListPresenter.swift in Sources */ = {isa = PBXBuildFile; fileRef = AA33B1DB27AAD2B100A6B426 /* WeatherListPresenter.swift */; };
		AA33B1EE27AAD2B100A6B426 /* WeatherListWireframeInput.swift in Sources */ = {isa = PBXBuildFile; fileRef = AA33B1DD27AAD2B100A6B426 /* WeatherListWireframeInput.swift */; };
		AA33B1EF27AAD2B100A6B426 /* WeatherListWireframe.swift in Sources */ = {isa = PBXBuildFile; fileRef = AA33B1DE27AAD2B100A6B426 /* WeatherListWireframe.swift */; };
		AA33B1F027AAD2B100A6B426 /* WeatherListViewController.swift in Sources */ = {isa = PBXBuildFile; fileRef = AA33B1E127AAD2B100A6B426 /* WeatherListViewController.swift */; };
		AA33B1F127AAD2B100A6B426 /* WeatherListViewInterface.swift in Sources */ = {isa = PBXBuildFile; fileRef = AA33B1E227AAD2B100A6B426 /* WeatherListViewInterface.swift */; };
		AA33B1F227AAD2B100A6B426 /* WeatherList.storyboard in Resources */ = {isa = PBXBuildFile; fileRef = AA33B1E327AAD2B100A6B426 /* WeatherList.storyboard */; };
		AA33B1F327AAD2B100A6B426 /* WeatherListModuleInterface.swift in Sources */ = {isa = PBXBuildFile; fileRef = AA33B1E527AAD2B100A6B426 /* WeatherListModuleInterface.swift */; };
		AA33B1F427AAD2B100A6B426 /* WeatherListServiceType.swift in Sources */ = {isa = PBXBuildFile; fileRef = AA33B1E827AAD2B100A6B426 /* WeatherListServiceType.swift */; };
		AA33B1F527AAD2B100A6B426 /* WeatherListService.swift in Sources */ = {isa = PBXBuildFile; fileRef = AA33B1E927AAD2B100A6B426 /* WeatherListService.swift */; };
		AA33B1F627AAD2B100A6B426 /* WeatherListInteractor.swift in Sources */ = {isa = PBXBuildFile; fileRef = AA33B1EB27AAD2B100A6B426 /* WeatherListInteractor.swift */; };
		AA33B1F727AAD2B100A6B426 /* WeatherListInteractorIO.swift in Sources */ = {isa = PBXBuildFile; fileRef = AA33B1EC27AAD2B100A6B426 /* WeatherListInteractorIO.swift */; };
		AA33B1FB27AAD4B000A6B426 /* WeatherListTableViewCell.swift in Sources */ = {isa = PBXBuildFile; fileRef = AA33B1FA27AAD4B000A6B426 /* WeatherListTableViewCell.swift */; };
		AA33B20027AAD4E300A6B426 /* UITableView+Extension.swift in Sources */ = {isa = PBXBuildFile; fileRef = AA33B1FF27AAD4E300A6B426 /* UITableView+Extension.swift */; };
		AA33B20727AAD9E900A6B426 /* NetworkManager.swift in Sources */ = {isa = PBXBuildFile; fileRef = AA33B20627AAD9E900A6B426 /* NetworkManager.swift */; };
		AA33B20A27AADB8800A6B426 /* GlobalConstants.swift in Sources */ = {isa = PBXBuildFile; fileRef = AA33B20927AADB8800A6B426 /* GlobalConstants.swift */; };
		AA33B20D27AADD0400A6B426 /* EndPoint.swift in Sources */ = {isa = PBXBuildFile; fileRef = AA33B20C27AADD0400A6B426 /* EndPoint.swift */; };
		AA33B21127AADFA600A6B426 /* NetworkError.swift in Sources */ = {isa = PBXBuildFile; fileRef = AA33B21027AADFA600A6B426 /* NetworkError.swift */; };
/* End PBXBuildFile section */

/* Begin PBXFileReference section */
		98BC240F27ABE4DE00A746A7 /* WeatherCondition.swift */ = {isa = PBXFileReference; fileEncoding = 4; lastKnownFileType = sourcecode.swift; path = WeatherCondition.swift; sourceTree = "<group>"; };
		98BC241027ABE4DE00A746A7 /* WeatherData.swift */ = {isa = PBXFileReference; fileEncoding = 4; lastKnownFileType = sourcecode.swift; path = WeatherData.swift; sourceTree = "<group>"; };
		98BC241327ABE4FF00A746A7 /* WeatherListViewModel.swift */ = {isa = PBXFileReference; fileEncoding = 4; lastKnownFileType = sourcecode.swift; path = WeatherListViewModel.swift; sourceTree = "<group>"; };
		98BC241627ABE50700A746A7 /* WeatherListStructure.swift */ = {isa = PBXFileReference; fileEncoding = 4; lastKnownFileType = sourcecode.swift; path = WeatherListStructure.swift; sourceTree = "<group>"; };
		98BC241827ABE7AE00A746A7 /* UIColor+Extension.swift */ = {isa = PBXFileReference; lastKnownFileType = sourcecode.swift; path = "UIColor+Extension.swift"; sourceTree = "<group>"; };
		98BC241A27ABECE800A746A7 /* Sys.swift */ = {isa = PBXFileReference; lastKnownFileType = sourcecode.swift; path = Sys.swift; sourceTree = "<group>"; };
		98BC241C27ABEDA300A746A7 /* Main.swift */ = {isa = PBXFileReference; lastKnownFileType = sourcecode.swift; path = Main.swift; sourceTree = "<group>"; };
		98BC241E27ABF3B300A746A7 /* UIView+Extension.swift */ = {isa = PBXFileReference; lastKnownFileType = sourcecode.swift; path = "UIView+Extension.swift"; sourceTree = "<group>"; };
		98BC242027ABF60C00A746A7 /* UIImageView+Extension.swift */ = {isa = PBXFileReference; lastKnownFileType = sourcecode.swift; path = "UIImageView+Extension.swift"; sourceTree = "<group>"; };
		98BC242327ABF90F00A746A7 /* CustomSearchBar.swift */ = {isa = PBXFileReference; lastKnownFileType = sourcecode.swift; path = CustomSearchBar.swift; sourceTree = "<group>"; };
		98BC242527ABF98000A746A7 /* UISearchBar+Extension.swift */ = {isa = PBXFileReference; lastKnownFileType = sourcecode.swift; path = "UISearchBar+Extension.swift"; sourceTree = "<group>"; };
		98BC242D27ABFBD800A746A7 /* WeatherDetailModuleInterface.swift */ = {isa = PBXFileReference; fileEncoding = 4; lastKnownFileType = sourcecode.swift; path = WeatherDetailModuleInterface.swift; sourceTree = "<group>"; };
		98BC243027ABFBD800A746A7 /* WeatherDetailServiceType.swift */ = {isa = PBXFileReference; fileEncoding = 4; lastKnownFileType = sourcecode.swift; path = WeatherDetailServiceType.swift; sourceTree = "<group>"; };
		98BC243127ABFBD800A746A7 /* WeatherDetailService.swift */ = {isa = PBXFileReference; fileEncoding = 4; lastKnownFileType = sourcecode.swift; path = WeatherDetailService.swift; sourceTree = "<group>"; };
		98BC243327ABFBD800A746A7 /* WeatherDetailInteractor.swift */ = {isa = PBXFileReference; fileEncoding = 4; lastKnownFileType = sourcecode.swift; path = WeatherDetailInteractor.swift; sourceTree = "<group>"; };
		98BC243427ABFBD800A746A7 /* WeatherDetailInteractorIO.swift */ = {isa = PBXFileReference; fileEncoding = 4; lastKnownFileType = sourcecode.swift; path = WeatherDetailInteractorIO.swift; sourceTree = "<group>"; };
		98BC243727ABFBD800A746A7 /* WeatherDetailPresenter.swift */ = {isa = PBXFileReference; fileEncoding = 4; lastKnownFileType = sourcecode.swift; path = WeatherDetailPresenter.swift; sourceTree = "<group>"; };
		98BC243A27ABFBD800A746A7 /* WeatherDetailWireframe.swift */ = {isa = PBXFileReference; fileEncoding = 4; lastKnownFileType = sourcecode.swift; path = WeatherDetailWireframe.swift; sourceTree = "<group>"; };
		98BC243B27ABFBD800A746A7 /* WeatherDetailWireframeInput.swift */ = {isa = PBXFileReference; fileEncoding = 4; lastKnownFileType = sourcecode.swift; path = WeatherDetailWireframeInput.swift; sourceTree = "<group>"; };
		98BC243E27ABFBD800A746A7 /* WeatherDetail.storyboard */ = {isa = PBXFileReference; fileEncoding = 4; lastKnownFileType = file.storyboard; path = WeatherDetail.storyboard; sourceTree = "<group>"; };
		98BC243F27ABFBD800A746A7 /* WeatherDetailViewController.swift */ = {isa = PBXFileReference; fileEncoding = 4; lastKnownFileType = sourcecode.swift; path = WeatherDetailViewController.swift; sourceTree = "<group>"; };
		98BC244027ABFBD800A746A7 /* WeatherDetailViewInterface.swift */ = {isa = PBXFileReference; fileEncoding = 4; lastKnownFileType = sourcecode.swift; path = WeatherDetailViewInterface.swift; sourceTree = "<group>"; };
		98BC244C27AC02ED00A746A7 /* Array+Extension.swift */ = {isa = PBXFileReference; lastKnownFileType = sourcecode.swift; path = "Array+Extension.swift"; sourceTree = "<group>"; };
		98BC244E27AC044B00A746A7 /* BaseViewInterface.swift */ = {isa = PBXFileReference; lastKnownFileType = sourcecode.swift; path = BaseViewInterface.swift; sourceTree = "<group>"; };
		98BC245027AC04A200A746A7 /* UIViewController+Extension.swift */ = {isa = PBXFileReference; lastKnownFileType = sourcecode.swift; path = "UIViewController+Extension.swift"; sourceTree = "<group>"; };
		AA33B1B427AAD16700A6B426 /* WeatherApp.app */ = {isa = PBXFileReference; explicitFileType = wrapper.application; includeInIndex = 0; path = WeatherApp.app; sourceTree = BUILT_PRODUCTS_DIR; };
		AA33B1B727AAD16700A6B426 /* AppDelegate.swift */ = {isa = PBXFileReference; lastKnownFileType = sourcecode.swift; path = AppDelegate.swift; sourceTree = "<group>"; };
		AA33B1B927AAD16700A6B426 /* SceneDelegate.swift */ = {isa = PBXFileReference; lastKnownFileType = sourcecode.swift; path = SceneDelegate.swift; sourceTree = "<group>"; };
		AA33B1BB27AAD16700A6B426 /* ViewController.swift */ = {isa = PBXFileReference; lastKnownFileType = sourcecode.swift; path = ViewController.swift; sourceTree = "<group>"; };
		AA33B1BE27AAD16700A6B426 /* Base */ = {isa = PBXFileReference; lastKnownFileType = file.storyboard; name = Base; path = Base.lproj/Main.storyboard; sourceTree = "<group>"; };
		AA33B1C027AAD16800A6B426 /* Assets.xcassets */ = {isa = PBXFileReference; lastKnownFileType = folder.assetcatalog; path = Assets.xcassets; sourceTree = "<group>"; };
		AA33B1C327AAD16800A6B426 /* Base */ = {isa = PBXFileReference; lastKnownFileType = file.storyboard; name = Base; path = Base.lproj/LaunchScreen.storyboard; sourceTree = "<group>"; };
		AA33B1C527AAD16800A6B426 /* Info.plist */ = {isa = PBXFileReference; lastKnownFileType = text.plist.xml; path = Info.plist; sourceTree = "<group>"; };
		AA33B1CC27AAD18200A6B426 /* WireframeInput.swift */ = {isa = PBXFileReference; lastKnownFileType = sourcecode.swift; path = WireframeInput.swift; sourceTree = "<group>"; };
		AA33B1DB27AAD2B100A6B426 /* WeatherListPresenter.swift */ = {isa = PBXFileReference; fileEncoding = 4; lastKnownFileType = sourcecode.swift; path = WeatherListPresenter.swift; sourceTree = "<group>"; };
		AA33B1DD27AAD2B100A6B426 /* WeatherListWireframeInput.swift */ = {isa = PBXFileReference; fileEncoding = 4; lastKnownFileType = sourcecode.swift; path = WeatherListWireframeInput.swift; sourceTree = "<group>"; };
		AA33B1DE27AAD2B100A6B426 /* WeatherListWireframe.swift */ = {isa = PBXFileReference; fileEncoding = 4; lastKnownFileType = sourcecode.swift; path = WeatherListWireframe.swift; sourceTree = "<group>"; };
		AA33B1E127AAD2B100A6B426 /* WeatherListViewController.swift */ = {isa = PBXFileReference; fileEncoding = 4; lastKnownFileType = sourcecode.swift; path = WeatherListViewController.swift; sourceTree = "<group>"; };
		AA33B1E227AAD2B100A6B426 /* WeatherListViewInterface.swift */ = {isa = PBXFileReference; fileEncoding = 4; lastKnownFileType = sourcecode.swift; path = WeatherListViewInterface.swift; sourceTree = "<group>"; };
		AA33B1E327AAD2B100A6B426 /* WeatherList.storyboard */ = {isa = PBXFileReference; fileEncoding = 4; lastKnownFileType = file.storyboard; path = WeatherList.storyboard; sourceTree = "<group>"; };
		AA33B1E527AAD2B100A6B426 /* WeatherListModuleInterface.swift */ = {isa = PBXFileReference; fileEncoding = 4; lastKnownFileType = sourcecode.swift; path = WeatherListModuleInterface.swift; sourceTree = "<group>"; };
		AA33B1E827AAD2B100A6B426 /* WeatherListServiceType.swift */ = {isa = PBXFileReference; fileEncoding = 4; lastKnownFileType = sourcecode.swift; path = WeatherListServiceType.swift; sourceTree = "<group>"; };
		AA33B1E927AAD2B100A6B426 /* WeatherListService.swift */ = {isa = PBXFileReference; fileEncoding = 4; lastKnownFileType = sourcecode.swift; path = WeatherListService.swift; sourceTree = "<group>"; };
		AA33B1EB27AAD2B100A6B426 /* WeatherListInteractor.swift */ = {isa = PBXFileReference; fileEncoding = 4; lastKnownFileType = sourcecode.swift; path = WeatherListInteractor.swift; sourceTree = "<group>"; };
		AA33B1EC27AAD2B100A6B426 /* WeatherListInteractorIO.swift */ = {isa = PBXFileReference; fileEncoding = 4; lastKnownFileType = sourcecode.swift; path = WeatherListInteractorIO.swift; sourceTree = "<group>"; };
		AA33B1FA27AAD4B000A6B426 /* WeatherListTableViewCell.swift */ = {isa = PBXFileReference; lastKnownFileType = sourcecode.swift; path = WeatherListTableViewCell.swift; sourceTree = "<group>"; };
		AA33B1FF27AAD4E300A6B426 /* UITableView+Extension.swift */ = {isa = PBXFileReference; lastKnownFileType = sourcecode.swift; path = "UITableView+Extension.swift"; sourceTree = "<group>"; };
		AA33B20627AAD9E900A6B426 /* NetworkManager.swift */ = {isa = PBXFileReference; lastKnownFileType = sourcecode.swift; path = NetworkManager.swift; sourceTree = "<group>"; };
		AA33B20927AADB8800A6B426 /* GlobalConstants.swift */ = {isa = PBXFileReference; lastKnownFileType = sourcecode.swift; path = GlobalConstants.swift; sourceTree = "<group>"; };
		AA33B20C27AADD0400A6B426 /* EndPoint.swift */ = {isa = PBXFileReference; lastKnownFileType = sourcecode.swift; path = EndPoint.swift; sourceTree = "<group>"; };
		AA33B21027AADFA600A6B426 /* NetworkError.swift */ = {isa = PBXFileReference; lastKnownFileType = sourcecode.swift; path = NetworkError.swift; sourceTree = "<group>"; };
/* End PBXFileReference section */

/* Begin PBXFrameworksBuildPhase section */
		AA33B1B127AAD16700A6B426 /* Frameworks */ = {
			isa = PBXFrameworksBuildPhase;
			buildActionMask = 2147483647;
			files = (
			);
			runOnlyForDeploymentPostprocessing = 0;
		};
/* End PBXFrameworksBuildPhase section */

/* Begin PBXGroup section */
		98BC240E27ABE4DE00A746A7 /* Model */ = {
			isa = PBXGroup;
			children = (
				98BC240F27ABE4DE00A746A7 /* WeatherCondition.swift */,
				98BC241027ABE4DE00A746A7 /* WeatherData.swift */,
				98BC241A27ABECE800A746A7 /* Sys.swift */,
				98BC241C27ABEDA300A746A7 /* Main.swift */,
			);
			path = Model;
			sourceTree = "<group>";
		};
		98BC241527ABE50700A746A7 /* Structure */ = {
			isa = PBXGroup;
			children = (
				98BC241627ABE50700A746A7 /* WeatherListStructure.swift */,
			);
			path = Structure;
			sourceTree = "<group>";
		};
		98BC242227ABF90400A746A7 /* Helper */ = {
			isa = PBXGroup;
			children = (
				98BC242327ABF90F00A746A7 /* CustomSearchBar.swift */,
			);
			path = Helper;
			sourceTree = "<group>";
		};
		98BC242B27ABFBD800A746A7 /* WeatherDetail */ = {
			isa = PBXGroup;
			children = (
				98BC242C27ABFBD800A746A7 /* Module Interface */,
				98BC242E27ABFBD800A746A7 /* Application Logic */,
				98BC243527ABFBD800A746A7 /* User Interface */,
			);
			path = WeatherDetail;
			sourceTree = "<group>";
		};
		98BC242C27ABFBD800A746A7 /* Module Interface */ = {
			isa = PBXGroup;
			children = (
				98BC242D27ABFBD800A746A7 /* WeatherDetailModuleInterface.swift */,
			);
			path = "Module Interface";
			sourceTree = "<group>";
		};
		98BC242E27ABFBD800A746A7 /* Application Logic */ = {
			isa = PBXGroup;
			children = (
				98BC242F27ABFBD800A746A7 /* Service */,
				98BC243227ABFBD800A746A7 /* Interactor */,
			);
			path = "Application Logic";
			sourceTree = "<group>";
		};
		98BC242F27ABFBD800A746A7 /* Service */ = {
			isa = PBXGroup;
			children = (
				98BC243027ABFBD800A746A7 /* WeatherDetailServiceType.swift */,
				98BC243127ABFBD800A746A7 /* WeatherDetailService.swift */,
			);
			path = Service;
			sourceTree = "<group>";
		};
		98BC243227ABFBD800A746A7 /* Interactor */ = {
			isa = PBXGroup;
			children = (
				98BC243327ABFBD800A746A7 /* WeatherDetailInteractor.swift */,
				98BC243427ABFBD800A746A7 /* WeatherDetailInteractorIO.swift */,
			);
			path = Interactor;
			sourceTree = "<group>";
		};
		98BC243527ABFBD800A746A7 /* User Interface */ = {
			isa = PBXGroup;
			children = (
				98BC243627ABFBD800A746A7 /* Presenter */,
				98BC243927ABFBD800A746A7 /* Wireframe */,
				98BC243C27ABFBD800A746A7 /* View */,
			);
			path = "User Interface";
			sourceTree = "<group>";
		};
		98BC243627ABFBD800A746A7 /* Presenter */ = {
			isa = PBXGroup;
			children = (
				98BC243727ABFBD800A746A7 /* WeatherDetailPresenter.swift */,
				98BC243827ABFBD800A746A7 /* Structure */,
			);
			path = Presenter;
			sourceTree = "<group>";
		};
		98BC243827ABFBD800A746A7 /* Structure */ = {
			isa = PBXGroup;
			children = (
			);
			path = Structure;
			sourceTree = "<group>";
		};
		98BC243927ABFBD800A746A7 /* Wireframe */ = {
			isa = PBXGroup;
			children = (
				98BC243A27ABFBD800A746A7 /* WeatherDetailWireframe.swift */,
				98BC243B27ABFBD800A746A7 /* WeatherDetailWireframeInput.swift */,
			);
			path = Wireframe;
			sourceTree = "<group>";
		};
		98BC243C27ABFBD800A746A7 /* View */ = {
			isa = PBXGroup;
			children = (
				98BC243D27ABFBD800A746A7 /* ViewModels */,
				98BC243E27ABFBD800A746A7 /* WeatherDetail.storyboard */,
				98BC243F27ABFBD800A746A7 /* WeatherDetailViewController.swift */,
				98BC244027ABFBD800A746A7 /* WeatherDetailViewInterface.swift */,
			);
			path = View;
			sourceTree = "<group>";
		};
		98BC243D27ABFBD800A746A7 /* ViewModels */ = {
			isa = PBXGroup;
			children = (
			);
			path = ViewModels;
			sourceTree = "<group>";
		};
		AA33B1AB27AAD16700A6B426 = {
			isa = PBXGroup;
			children = (
				AA33B1B627AAD16700A6B426 /* WeatherApp */,
				AA33B1B527AAD16700A6B426 /* Products */,
			);
			sourceTree = "<group>";
		};
		AA33B1B527AAD16700A6B426 /* Products */ = {
			isa = PBXGroup;
			children = (
				AA33B1B427AAD16700A6B426 /* WeatherApp.app */,
			);
			name = Products;
			sourceTree = "<group>";
		};
		AA33B1B627AAD16700A6B426 /* WeatherApp */ = {
			isa = PBXGroup;
			children = (
				98BC242227ABF90400A746A7 /* Helper */,
				98BC240E27ABE4DE00A746A7 /* Model */,
				AA33B1FE27AAD4CF00A6B426 /* Extension */,
				AA33B1CF27AAD27C00A6B426 /* Modules */,
				AA33B1CB27AAD17300A6B426 /* Base */,
				AA33B1B727AAD16700A6B426 /* AppDelegate.swift */,
				AA33B1B927AAD16700A6B426 /* SceneDelegate.swift */,
				AA33B1BB27AAD16700A6B426 /* ViewController.swift */,
				AA33B1BD27AAD16700A6B426 /* Main.storyboard */,
				AA33B1C027AAD16800A6B426 /* Assets.xcassets */,
				AA33B1C227AAD16800A6B426 /* LaunchScreen.storyboard */,
				AA33B1C527AAD16800A6B426 /* Info.plist */,
			);
			path = WeatherApp;
			sourceTree = "<group>";
		};
		AA33B1CB27AAD17300A6B426 /* Base */ = {
			isa = PBXGroup;
			children = (
				AA33B20F27AADF8300A6B426 /* Networking */,
				AA33B1CC27AAD18200A6B426 /* WireframeInput.swift */,
				AA33B20927AADB8800A6B426 /* GlobalConstants.swift */,
				98BC244E27AC044B00A746A7 /* BaseViewInterface.swift */,
			);
			path = Base;
			sourceTree = "<group>";
		};
		AA33B1CF27AAD27C00A6B426 /* Modules */ = {
			isa = PBXGroup;
			children = (
				98BC242B27ABFBD800A746A7 /* WeatherDetail */,
				AA33B1D027AAD28600A6B426 /* WeatherList */,
			);
			path = Modules;
			sourceTree = "<group>";
		};
		AA33B1D027AAD28600A6B426 /* WeatherList */ = {
			isa = PBXGroup;
			children = (
				AA33B1E627AAD2B100A6B426 /* Application Logic */,
				AA33B1E427AAD2B100A6B426 /* Module Interface */,
				AA33B1D927AAD2B100A6B426 /* User Interface */,
			);
			path = WeatherList;
			sourceTree = "<group>";
		};
		AA33B1D927AAD2B100A6B426 /* User Interface */ = {
			isa = PBXGroup;
			children = (
				AA33B1DA27AAD2B100A6B426 /* Presenter */,
				AA33B1DC27AAD2B100A6B426 /* Wireframe */,
				AA33B1DF27AAD2B100A6B426 /* View */,
			);
			path = "User Interface";
			sourceTree = "<group>";
		};
		AA33B1DA27AAD2B100A6B426 /* Presenter */ = {
			isa = PBXGroup;
			children = (
				98BC241527ABE50700A746A7 /* Structure */,
				AA33B1DB27AAD2B100A6B426 /* WeatherListPresenter.swift */,
			);
			path = Presenter;
			sourceTree = "<group>";
		};
		AA33B1DC27AAD2B100A6B426 /* Wireframe */ = {
			isa = PBXGroup;
			children = (
				AA33B1DD27AAD2B100A6B426 /* WeatherListWireframeInput.swift */,
				AA33B1DE27AAD2B100A6B426 /* WeatherListWireframe.swift */,
			);
			path = Wireframe;
			sourceTree = "<group>";
		};
		AA33B1DF27AAD2B100A6B426 /* View */ = {
			isa = PBXGroup;
			children = (
				AA33B1F927AAD49900A6B426 /* Cell */,
				AA33B1E027AAD2B100A6B426 /* ViewModels */,
				AA33B1E127AAD2B100A6B426 /* WeatherListViewController.swift */,
				AA33B1E227AAD2B100A6B426 /* WeatherListViewInterface.swift */,
				AA33B1E327AAD2B100A6B426 /* WeatherList.storyboard */,
			);
			path = View;
			sourceTree = "<group>";
		};
		AA33B1E027AAD2B100A6B426 /* ViewModels */ = {
			isa = PBXGroup;
			children = (
				98BC241327ABE4FF00A746A7 /* WeatherListViewModel.swift */,
			);
			path = ViewModels;
			sourceTree = "<group>";
		};
		AA33B1E427AAD2B100A6B426 /* Module Interface */ = {
			isa = PBXGroup;
			children = (
				AA33B1E527AAD2B100A6B426 /* WeatherListModuleInterface.swift */,
			);
			path = "Module Interface";
			sourceTree = "<group>";
		};
		AA33B1E627AAD2B100A6B426 /* Application Logic */ = {
			isa = PBXGroup;
			children = (
				AA33B1E727AAD2B100A6B426 /* Service */,
				AA33B1EA27AAD2B100A6B426 /* Interactor */,
			);
			path = "Application Logic";
			sourceTree = "<group>";
		};
		AA33B1E727AAD2B100A6B426 /* Service */ = {
			isa = PBXGroup;
			children = (
				AA33B1E827AAD2B100A6B426 /* WeatherListServiceType.swift */,
				AA33B1E927AAD2B100A6B426 /* WeatherListService.swift */,
			);
			path = Service;
			sourceTree = "<group>";
		};
		AA33B1EA27AAD2B100A6B426 /* Interactor */ = {
			isa = PBXGroup;
			children = (
				AA33B1EB27AAD2B100A6B426 /* WeatherListInteractor.swift */,
				AA33B1EC27AAD2B100A6B426 /* WeatherListInteractorIO.swift */,
			);
			path = Interactor;
			sourceTree = "<group>";
		};
		AA33B1F927AAD49900A6B426 /* Cell */ = {
			isa = PBXGroup;
			children = (
				AA33B1FA27AAD4B000A6B426 /* WeatherListTableViewCell.swift */,
			);
			path = Cell;
			sourceTree = "<group>";
		};
		AA33B1FE27AAD4CF00A6B426 /* Extension */ = {
			isa = PBXGroup;
			children = (
				AA33B1FF27AAD4E300A6B426 /* UITableView+Extension.swift */,
				98BC241827ABE7AE00A746A7 /* UIColor+Extension.swift */,
				98BC241E27ABF3B300A746A7 /* UIView+Extension.swift */,
				98BC242027ABF60C00A746A7 /* UIImageView+Extension.swift */,
				98BC242527ABF98000A746A7 /* UISearchBar+Extension.swift */,
				98BC244C27AC02ED00A746A7 /* Array+Extension.swift */,
				98BC245027AC04A200A746A7 /* UIViewController+Extension.swift */,
			);
			path = Extension;
			sourceTree = "<group>";
		};
		AA33B20F27AADF8300A6B426 /* Networking */ = {
			isa = PBXGroup;
			children = (
				AA33B20627AAD9E900A6B426 /* NetworkManager.swift */,
				AA33B20C27AADD0400A6B426 /* EndPoint.swift */,
				AA33B21027AADFA600A6B426 /* NetworkError.swift */,
			);
			path = Networking;
			sourceTree = "<group>";
		};
/* End PBXGroup section */

/* Begin PBXNativeTarget section */
		AA33B1B327AAD16700A6B426 /* WeatherApp */ = {
			isa = PBXNativeTarget;
			buildConfigurationList = AA33B1C827AAD16800A6B426 /* Build configuration list for PBXNativeTarget "WeatherApp" */;
			buildPhases = (
				AA33B1B027AAD16700A6B426 /* Sources */,
				AA33B1B127AAD16700A6B426 /* Frameworks */,
				AA33B1B227AAD16700A6B426 /* Resources */,
			);
			buildRules = (
			);
			dependencies = (
			);
			name = WeatherApp;
			productName = WeatherApp;
			productReference = AA33B1B427AAD16700A6B426 /* WeatherApp.app */;
			productType = "com.apple.product-type.application";
		};
/* End PBXNativeTarget section */

/* Begin PBXProject section */
		AA33B1AC27AAD16700A6B426 /* Project object */ = {
			isa = PBXProject;
			attributes = {
				LastSwiftUpdateCheck = 1240;
				LastUpgradeCheck = 1240;
				TargetAttributes = {
					AA33B1B327AAD16700A6B426 = {
						CreatedOnToolsVersion = 12.4;
					};
				};
			};
			buildConfigurationList = AA33B1AF27AAD16700A6B426 /* Build configuration list for PBXProject "WeatherApp" */;
			compatibilityVersion = "Xcode 9.3";
			developmentRegion = en;
			hasScannedForEncodings = 0;
			knownRegions = (
				en,
				Base,
			);
			mainGroup = AA33B1AB27AAD16700A6B426;
			productRefGroup = AA33B1B527AAD16700A6B426 /* Products */;
			projectDirPath = "";
			projectRoot = "";
			targets = (
				AA33B1B327AAD16700A6B426 /* WeatherApp */,
			);
		};
/* End PBXProject section */

/* Begin PBXResourcesBuildPhase section */
		AA33B1B227AAD16700A6B426 /* Resources */ = {
			isa = PBXResourcesBuildPhase;
			buildActionMask = 2147483647;
			files = (
				98BC244927ABFBD800A746A7 /* WeatherDetail.storyboard in Resources */,
				AA33B1C427AAD16800A6B426 /* LaunchScreen.storyboard in Resources */,
				AA33B1F227AAD2B100A6B426 /* WeatherList.storyboard in Resources */,
				AA33B1C127AAD16800A6B426 /* Assets.xcassets in Resources */,
				AA33B1BF27AAD16700A6B426 /* Main.storyboard in Resources */,
			);
			runOnlyForDeploymentPostprocessing = 0;
		};
/* End PBXResourcesBuildPhase section */

/* Begin PBXSourcesBuildPhase section */
		AA33B1B027AAD16700A6B426 /* Sources */ = {
			isa = PBXSourcesBuildPhase;
			buildActionMask = 2147483647;
			files = (
				AA33B20727AAD9E900A6B426 /* NetworkManager.swift in Sources */,
				AA33B1F527AAD2B100A6B426 /* WeatherListService.swift in Sources */,
				98BC242427ABF90F00A746A7 /* CustomSearchBar.swift in Sources */,
				98BC241727ABE50700A746A7 /* WeatherListStructure.swift in Sources */,
				AA33B20D27AADD0400A6B426 /* EndPoint.swift in Sources */,
				AA33B1F727AAD2B100A6B426 /* WeatherListInteractorIO.swift in Sources */,
				AA33B1F327AAD2B100A6B426 /* WeatherListModuleInterface.swift in Sources */,
				98BC241427ABE4FF00A746A7 /* WeatherListViewModel.swift in Sources */,
				AA33B1EE27AAD2B100A6B426 /* WeatherListWireframeInput.swift in Sources */,
				AA33B1BC27AAD16700A6B426 /* ViewController.swift in Sources */,
				98BC241D27ABEDA300A746A7 /* Main.swift in Sources */,
				98BC241927ABE7AE00A746A7 /* UIColor+Extension.swift in Sources */,
				98BC245127AC04A200A746A7 /* UIViewController+Extension.swift in Sources */,
				AA33B20A27AADB8800A6B426 /* GlobalConstants.swift in Sources */,
				98BC244327ABFBD800A746A7 /* WeatherDetailService.swift in Sources */,
				98BC242627ABF98000A746A7 /* UISearchBar+Extension.swift in Sources */,
				AA33B1CD27AAD18200A6B426 /* WireframeInput.swift in Sources */,
				AA33B1F427AAD2B100A6B426 /* WeatherListServiceType.swift in Sources */,
				98BC242127ABF60C00A746A7 /* UIImageView+Extension.swift in Sources */,
				98BC244A27ABFBD800A746A7 /* WeatherDetailViewController.swift in Sources */,
				AA33B1F627AAD2B100A6B426 /* WeatherListInteractor.swift in Sources */,
				98BC244B27ABFBD800A746A7 /* WeatherDetailViewInterface.swift in Sources */,
				AA33B1B827AAD16700A6B426 /* AppDelegate.swift in Sources */,
				98BC244527ABFBD800A746A7 /* WeatherDetailInteractorIO.swift in Sources */,
				98BC244127ABFBD800A746A7 /* WeatherDetailModuleInterface.swift in Sources */,
				AA33B1ED27AAD2B100A6B426 /* WeatherListPresenter.swift in Sources */,
				98BC241127ABE4DE00A746A7 /* WeatherCondition.swift in Sources */,
				98BC244727ABFBD800A746A7 /* WeatherDetailWireframe.swift in Sources */,
				AA33B1F027AAD2B100A6B426 /* WeatherListViewController.swift in Sources */,
				AA33B1BA27AAD16700A6B426 /* SceneDelegate.swift in Sources */,
				98BC241B27ABECE800A746A7 /* Sys.swift in Sources */,
				98BC241227ABE4DE00A746A7 /* WeatherData.swift in Sources */,
				98BC241F27ABF3B300A746A7 /* UIView+Extension.swift in Sources */,
				98BC244627ABFBD800A746A7 /* WeatherDetailPresenter.swift in Sources */,
				AA33B21127AADFA600A6B426 /* NetworkError.swift in Sources */,
				AA33B1F127AAD2B100A6B426 /* WeatherListViewInterface.swift in Sources */,
				98BC244227ABFBD800A746A7 /* WeatherDetailServiceType.swift in Sources */,
				AA33B1EF27AAD2B100A6B426 /* WeatherListWireframe.swift in Sources */,
				AA33B1FB27AAD4B000A6B426 /* WeatherListTableViewCell.swift in Sources */,
				AA33B20027AAD4E300A6B426 /* UITableView+Extension.swift in Sources */,
				98BC244D27AC02ED00A746A7 /* Array+Extension.swift in Sources */,
				98BC244427ABFBD800A746A7 /* WeatherDetailInteractor.swift in Sources */,
				98BC244827ABFBD800A746A7 /* WeatherDetailWireframeInput.swift in Sources */,
				98BC244F27AC044B00A746A7 /* BaseViewInterface.swift in Sources */,
			);
			runOnlyForDeploymentPostprocessing = 0;
		};
/* End PBXSourcesBuildPhase section */

/* Begin PBXVariantGroup section */
		AA33B1BD27AAD16700A6B426 /* Main.storyboard */ = {
			isa = PBXVariantGroup;
			children = (
				AA33B1BE27AAD16700A6B426 /* Base */,
			);
			name = Main.storyboard;
			sourceTree = "<group>";
		};
		AA33B1C227AAD16800A6B426 /* LaunchScreen.storyboard */ = {
			isa = PBXVariantGroup;
			children = (
				AA33B1C327AAD16800A6B426 /* Base */,
			);
			name = LaunchScreen.storyboard;
			sourceTree = "<group>";
		};
/* End PBXVariantGroup section */

/* Begin XCBuildConfiguration section */
		AA33B1C627AAD16800A6B426 /* Debug */ = {
			isa = XCBuildConfiguration;
			buildSettings = {
				ALWAYS_SEARCH_USER_PATHS = NO;
				CLANG_ANALYZER_NONNULL = YES;
				CLANG_ANALYZER_NUMBER_OBJECT_CONVERSION = YES_AGGRESSIVE;
				CLANG_CXX_LANGUAGE_STANDARD = "gnu++14";
				CLANG_CXX_LIBRARY = "libc++";
				CLANG_ENABLE_MODULES = YES;
				CLANG_ENABLE_OBJC_ARC = YES;
				CLANG_ENABLE_OBJC_WEAK = YES;
				CLANG_WARN_BLOCK_CAPTURE_AUTORELEASING = YES;
				CLANG_WARN_BOOL_CONVERSION = YES;
				CLANG_WARN_COMMA = YES;
				CLANG_WARN_CONSTANT_CONVERSION = YES;
				CLANG_WARN_DEPRECATED_OBJC_IMPLEMENTATIONS = YES;
				CLANG_WARN_DIRECT_OBJC_ISA_USAGE = YES_ERROR;
				CLANG_WARN_DOCUMENTATION_COMMENTS = YES;
				CLANG_WARN_EMPTY_BODY = YES;
				CLANG_WARN_ENUM_CONVERSION = YES;
				CLANG_WARN_INFINITE_RECURSION = YES;
				CLANG_WARN_INT_CONVERSION = YES;
				CLANG_WARN_NON_LITERAL_NULL_CONVERSION = YES;
				CLANG_WARN_OBJC_IMPLICIT_RETAIN_SELF = YES;
				CLANG_WARN_OBJC_LITERAL_CONVERSION = YES;
				CLANG_WARN_OBJC_ROOT_CLASS = YES_ERROR;
				CLANG_WARN_QUOTED_INCLUDE_IN_FRAMEWORK_HEADER = YES;
				CLANG_WARN_RANGE_LOOP_ANALYSIS = YES;
				CLANG_WARN_STRICT_PROTOTYPES = YES;
				CLANG_WARN_SUSPICIOUS_MOVE = YES;
				CLANG_WARN_UNGUARDED_AVAILABILITY = YES_AGGRESSIVE;
				CLANG_WARN_UNREACHABLE_CODE = YES;
				CLANG_WARN__DUPLICATE_METHOD_MATCH = YES;
				COPY_PHASE_STRIP = NO;
				DEBUG_INFORMATION_FORMAT = dwarf;
				ENABLE_STRICT_OBJC_MSGSEND = YES;
				ENABLE_TESTABILITY = YES;
				GCC_C_LANGUAGE_STANDARD = gnu11;
				GCC_DYNAMIC_NO_PIC = NO;
				GCC_NO_COMMON_BLOCKS = YES;
				GCC_OPTIMIZATION_LEVEL = 0;
				GCC_PREPROCESSOR_DEFINITIONS = (
					"DEBUG=1",
					"$(inherited)",
				);
				GCC_WARN_64_TO_32_BIT_CONVERSION = YES;
				GCC_WARN_ABOUT_RETURN_TYPE = YES_ERROR;
				GCC_WARN_UNDECLARED_SELECTOR = YES;
				GCC_WARN_UNINITIALIZED_AUTOS = YES_AGGRESSIVE;
				GCC_WARN_UNUSED_FUNCTION = YES;
				GCC_WARN_UNUSED_VARIABLE = YES;
				IPHONEOS_DEPLOYMENT_TARGET = 14.4;
				MTL_ENABLE_DEBUG_INFO = INCLUDE_SOURCE;
				MTL_FAST_MATH = YES;
				ONLY_ACTIVE_ARCH = YES;
				SDKROOT = iphoneos;
				SWIFT_ACTIVE_COMPILATION_CONDITIONS = DEBUG;
				SWIFT_OPTIMIZATION_LEVEL = "-Onone";
			};
			name = Debug;
		};
		AA33B1C727AAD16800A6B426 /* Release */ = {
			isa = XCBuildConfiguration;
			buildSettings = {
				ALWAYS_SEARCH_USER_PATHS = NO;
				CLANG_ANALYZER_NONNULL = YES;
				CLANG_ANALYZER_NUMBER_OBJECT_CONVERSION = YES_AGGRESSIVE;
				CLANG_CXX_LANGUAGE_STANDARD = "gnu++14";
				CLANG_CXX_LIBRARY = "libc++";
				CLANG_ENABLE_MODULES = YES;
				CLANG_ENABLE_OBJC_ARC = YES;
				CLANG_ENABLE_OBJC_WEAK = YES;
				CLANG_WARN_BLOCK_CAPTURE_AUTORELEASING = YES;
				CLANG_WARN_BOOL_CONVERSION = YES;
				CLANG_WARN_COMMA = YES;
				CLANG_WARN_CONSTANT_CONVERSION = YES;
				CLANG_WARN_DEPRECATED_OBJC_IMPLEMENTATIONS = YES;
				CLANG_WARN_DIRECT_OBJC_ISA_USAGE = YES_ERROR;
				CLANG_WARN_DOCUMENTATION_COMMENTS = YES;
				CLANG_WARN_EMPTY_BODY = YES;
				CLANG_WARN_ENUM_CONVERSION = YES;
				CLANG_WARN_INFINITE_RECURSION = YES;
				CLANG_WARN_INT_CONVERSION = YES;
				CLANG_WARN_NON_LITERAL_NULL_CONVERSION = YES;
				CLANG_WARN_OBJC_IMPLICIT_RETAIN_SELF = YES;
				CLANG_WARN_OBJC_LITERAL_CONVERSION = YES;
				CLANG_WARN_OBJC_ROOT_CLASS = YES_ERROR;
				CLANG_WARN_QUOTED_INCLUDE_IN_FRAMEWORK_HEADER = YES;
				CLANG_WARN_RANGE_LOOP_ANALYSIS = YES;
				CLANG_WARN_STRICT_PROTOTYPES = YES;
				CLANG_WARN_SUSPICIOUS_MOVE = YES;
				CLANG_WARN_UNGUARDED_AVAILABILITY = YES_AGGRESSIVE;
				CLANG_WARN_UNREACHABLE_CODE = YES;
				CLANG_WARN__DUPLICATE_METHOD_MATCH = YES;
				COPY_PHASE_STRIP = NO;
				DEBUG_INFORMATION_FORMAT = "dwarf-with-dsym";
				ENABLE_NS_ASSERTIONS = NO;
				ENABLE_STRICT_OBJC_MSGSEND = YES;
				GCC_C_LANGUAGE_STANDARD = gnu11;
				GCC_NO_COMMON_BLOCKS = YES;
				GCC_WARN_64_TO_32_BIT_CONVERSION = YES;
				GCC_WARN_ABOUT_RETURN_TYPE = YES_ERROR;
				GCC_WARN_UNDECLARED_SELECTOR = YES;
				GCC_WARN_UNINITIALIZED_AUTOS = YES_AGGRESSIVE;
				GCC_WARN_UNUSED_FUNCTION = YES;
				GCC_WARN_UNUSED_VARIABLE = YES;
				IPHONEOS_DEPLOYMENT_TARGET = 14.4;
				MTL_ENABLE_DEBUG_INFO = NO;
				MTL_FAST_MATH = YES;
				SDKROOT = iphoneos;
				SWIFT_COMPILATION_MODE = wholemodule;
				SWIFT_OPTIMIZATION_LEVEL = "-O";
				VALIDATE_PRODUCT = YES;
			};
			name = Release;
		};
		AA33B1C927AAD16800A6B426 /* Debug */ = {
			isa = XCBuildConfiguration;
			buildSettings = {
				ASSETCATALOG_COMPILER_APPICON_NAME = AppIcon;
				ASSETCATALOG_COMPILER_GLOBAL_ACCENT_COLOR_NAME = AccentColor;
				CODE_SIGN_STYLE = Automatic;
				DEVELOPMENT_TEAM = 3733TJZMRU;
				INFOPLIST_FILE = WeatherApp/Info.plist;
				LD_RUNPATH_SEARCH_PATHS = (
					"$(inherited)",
					"@executable_path/Frameworks",
				);
				PRODUCT_BUNDLE_IDENTIFIER = com.muky.WeatherApp;
				PRODUCT_NAME = "$(TARGET_NAME)";
				SWIFT_VERSION = 5.0;
				TARGETED_DEVICE_FAMILY = "1,2";
			};
			name = Debug;
		};
		AA33B1CA27AAD16800A6B426 /* Release */ = {
			isa = XCBuildConfiguration;
			buildSettings = {
				ASSETCATALOG_COMPILER_APPICON_NAME = AppIcon;
				ASSETCATALOG_COMPILER_GLOBAL_ACCENT_COLOR_NAME = AccentColor;
				CODE_SIGN_STYLE = Automatic;
				DEVELOPMENT_TEAM = 3733TJZMRU;
				INFOPLIST_FILE = WeatherApp/Info.plist;
				LD_RUNPATH_SEARCH_PATHS = (
					"$(inherited)",
					"@executable_path/Frameworks",
				);
				PRODUCT_BUNDLE_IDENTIFIER = com.muky.WeatherApp;
				PRODUCT_NAME = "$(TARGET_NAME)";
				SWIFT_VERSION = 5.0;
				TARGETED_DEVICE_FAMILY = "1,2";
			};
			name = Release;
		};
/* End XCBuildConfiguration section */

/* Begin XCConfigurationList section */
		AA33B1AF27AAD16700A6B426 /* Build configuration list for PBXProject "WeatherApp" */ = {
			isa = XCConfigurationList;
			buildConfigurations = (
				AA33B1C627AAD16800A6B426 /* Debug */,
				AA33B1C727AAD16800A6B426 /* Release */,
			);
			defaultConfigurationIsVisible = 0;
			defaultConfigurationName = Release;
		};
		AA33B1C827AAD16800A6B426 /* Build configuration list for PBXNativeTarget "WeatherApp" */ = {
			isa = XCConfigurationList;
			buildConfigurations = (
				AA33B1C927AAD16800A6B426 /* Debug */,
				AA33B1CA27AAD16800A6B426 /* Release */,
			);
			defaultConfigurationIsVisible = 0;
			defaultConfigurationName = Release;
		};
/* End XCConfigurationList section */
	};
	rootObject = AA33B1AC27AAD16700A6B426 /* Project object */;
}
